
Microsoft Visual Studio Solution File, Format Version 12.00
# Visual Studio Version 17
VisualStudioVersion = 17.0.31611.283
MinimumVisualStudioVersion = 10.0.40219.1
Project("{9A19103F-16F7-4668-BE54-9A1E7A4F7556}") = "Render", "Render\Render.csproj", "{3BFBFD95-C25F-4D83-894E-1650B3991F95}"
EndProject
Project("{2150E333-8FDC-42A3-9474-1A3956D46DE8}") = "App", "App", "{FCE38B9C-F561-41D1-B3BD-E800273FB8B1}"
EndProject
Project("{2150E333-8FDC-42A3-9474-1A3956D46DE8}") = "Domain", "Domain", "{1AF783A0-0E9C-4493-AE0B-4BFE8E1E873A}"
EndProject
Project("{2150E333-8FDC-42A3-9474-1A3956D46DE8}") = "Tests", "Tests", "{722D8946-06BA-44A3-A9B8-86D7C5225D0E}"
EndProject
Project("{9A19103F-16F7-4668-BE54-9A1E7A4F7556}") = "Render.WebAuthentication", "Render.WebAuthentication\Render.WebAuthentication.csproj", "{23AC6CFE-3FB7-48F1-BB3C-E7AB8EAE1745}"
EndProject
Project("{9A19103F-16F7-4668-BE54-9A1E7A4F7556}") = "Render.Interfaces", "Render.Interfaces\Render.Interfaces.csproj", "{36311F90-5CE9-4960-8EE7-98E7D71A5E86}"
EndProject
Project("{9A19103F-16F7-4668-BE54-9A1E7A4F7556}") = "Render.Mocks", "Render.Mocks\Render.Mocks.csproj", "{1A3BC029-39DB-4A02-B622-9BD11CA414E5}"
EndProject
Project("{9A19103F-16F7-4668-BE54-9A1E7A4F7556}") = "Render.Models", "Render.Models\Render.Models.csproj", "{98CAC971-D461-4F5C-9012-30641DA7C647}"
EndProject
Project("{9A19103F-16F7-4668-BE54-9A1E7A4F7556}") = "Render.Repositories", "Render.Repositories\Render.Repositories.csproj", "{C528391E-7785-41C6-8BA1-36D658DBC197}"
EndProject
Project("{9A19103F-16F7-4668-BE54-9A1E7A4F7556}") = "Render.Services", "Render.Services\Render.Services.csproj", "{A895E403-2680-4741-972D-3BBFBE2E0065}"
EndProject
Project("{9A19103F-16F7-4668-BE54-9A1E7A4F7556}") = "Render.UnitTests", "Render.UnitTests\Render.UnitTests.csproj", "{4D63CF16-36E8-4544-9121-7006D6660F73}"
EndProject
Project("{9A19103F-16F7-4668-BE54-9A1E7A4F7556}") = "Render.TempFromVessel", "Render.TempFromVessel\Render.TempFromVessel.csproj", "{3CE1BF9A-F0EE-4B51-85A3-96374FC54F41}"
EndProject
Project("{9A19103F-16F7-4668-BE54-9A1E7A4F7556}") = "Render.Sequencer", "Render.Sequencer\Render.Sequencer.csproj", "{A47297C4-A12F-4A79-8786-9C9C2735956B}"
EndProject
Global
	GlobalSection(SolutionConfigurationPlatforms) = preSolution
		AutoTests|Any CPU = AutoTests|Any CPU
		Debug|Any CPU = Debug|Any CPU
		Release|Any CPU = Release|Any CPU
		Test|Any CPU = Test|Any CPU
		Demo|Any CPU = Demo|Any CPU
	EndGlobalSection
	GlobalSection(ProjectConfigurationPlatforms) = postSolution
		{3BFBFD95-C25F-4D83-894E-1650B3991F95}.AutoTests|Any CPU.ActiveCfg = AutoTests|Any CPU
		{3BFBFD95-C25F-4D83-894E-1650B3991F95}.AutoTests|Any CPU.Build.0 = AutoTests|Any CPU
		{3BFBFD95-C25F-4D83-894E-1650B3991F95}.AutoTests|Any CPU.Deploy.0 = AutoTests|Any CPU
		{3BFBFD95-C25F-4D83-894E-1650B3991F95}.Debug|Any CPU.ActiveCfg = Debug|Any CPU
		{3BFBFD95-C25F-4D83-894E-1650B3991F95}.Debug|Any CPU.Build.0 = Debug|Any CPU
		{3BFBFD95-C25F-4D83-894E-1650B3991F95}.Debug|Any CPU.Deploy.0 = Debug|Any CPU
		{3BFBFD95-C25F-4D83-894E-1650B3991F95}.Release|Any CPU.ActiveCfg = Release|Any CPU
		{3BFBFD95-C25F-4D83-894E-1650B3991F95}.Release|Any CPU.Build.0 = Release|Any CPU
		{3BFBFD95-C25F-4D83-894E-1650B3991F95}.Release|Any CPU.Deploy.0 = Release|Any CPU
		{3BFBFD95-C25F-4D83-894E-1650B3991F95}.Test|Any CPU.ActiveCfg = Test|Any CPU
		{3BFBFD95-C25F-4D83-894E-1650B3991F95}.Test|Any CPU.Build.0 = Test|Any CPU
		{3BFBFD95-C25F-4D83-894E-1650B3991F95}.Test|Any CPU.Deploy.0 = Test|Any CPU
		{3BFBFD95-C25F-4D83-894E-1650B3991F95}.Demo|Any CPU.ActiveCfg = Demo|Any CPU
		{3BFBFD95-C25F-4D83-894E-1650B3991F95}.Demo|Any CPU.Build.0 = Demo|Any CPU
		{3BFBFD95-C25F-4D83-894E-1650B3991F95}.Demo|Any CPU.Deploy.0 = Demo|Any CPU
		{23AC6CFE-3FB7-48F1-BB3C-E7AB8EAE1745}.AutoTests|Any CPU.ActiveCfg = AutoTests|Any CPU
		{23AC6CFE-3FB7-48F1-BB3C-E7AB8EAE1745}.AutoTests|Any CPU.Build.0 = AutoTests|Any CPU
		{23AC6CFE-3FB7-48F1-BB3C-E7AB8EAE1745}.Debug|Any CPU.ActiveCfg = Debug|Any CPU
		{23AC6CFE-3FB7-48F1-BB3C-E7AB8EAE1745}.Debug|Any CPU.Build.0 = Debug|Any CPU
		{23AC6CFE-3FB7-48F1-BB3C-E7AB8EAE1745}.Release|Any CPU.ActiveCfg = Release|Any CPU
		{23AC6CFE-3FB7-48F1-BB3C-E7AB8EAE1745}.Release|Any CPU.Build.0 = Release|Any CPU
		{23AC6CFE-3FB7-48F1-BB3C-E7AB8EAE1745}.Test|Any CPU.ActiveCfg = Test|Any CPU
		{23AC6CFE-3FB7-48F1-BB3C-E7AB8EAE1745}.Test|Any CPU.Build.0 = Test|Any CPU
		{23AC6CFE-3FB7-48F1-BB3C-E7AB8EAE1745}.Demo|Any CPU.ActiveCfg = Demo|Any CPU
		{23AC6CFE-3FB7-48F1-BB3C-E7AB8EAE1745}.Demo|Any CPU.Build.0 = Demo|Any CPU
		{36311F90-5CE9-4960-8EE7-98E7D71A5E86}.AutoTests|Any CPU.ActiveCfg = AutoTests|Any CPU
		{36311F90-5CE9-4960-8EE7-98E7D71A5E86}.AutoTests|Any CPU.Build.0 = AutoTests|Any CPU
		{36311F90-5CE9-4960-8EE7-98E7D71A5E86}.Debug|Any CPU.ActiveCfg = Debug|Any CPU
		{36311F90-5CE9-4960-8EE7-98E7D71A5E86}.Debug|Any CPU.Build.0 = Debug|Any CPU
		{36311F90-5CE9-4960-8EE7-98E7D71A5E86}.Release|Any CPU.ActiveCfg = Release|Any CPU
		{36311F90-5CE9-4960-8EE7-98E7D71A5E86}.Release|Any CPU.Build.0 = Release|Any CPU
		{36311F90-5CE9-4960-8EE7-98E7D71A5E86}.Test|Any CPU.ActiveCfg = Test|Any CPU
		{36311F90-5CE9-4960-8EE7-98E7D71A5E86}.Test|Any CPU.Build.0 = Test|Any CPU
		{36311F90-5CE9-4960-8EE7-98E7D71A5E86}.Demo|Any CPU.ActiveCfg = Demo|Any CPU
		{36311F90-5CE9-4960-8EE7-98E7D71A5E86}.Demo|Any CPU.Build.0 = Demo|Any CPU
		{1A3BC029-39DB-4A02-B622-9BD11CA414E5}.AutoTests|Any CPU.ActiveCfg = AutoTests|Any CPU
		{1A3BC029-39DB-4A02-B622-9BD11CA414E5}.AutoTests|Any CPU.Build.0 = AutoTests|Any CPU
		{1A3BC029-39DB-4A02-B622-9BD11CA414E5}.Debug|Any CPU.ActiveCfg = Debug|Any CPU
		{1A3BC029-39DB-4A02-B622-9BD11CA414E5}.Debug|Any CPU.Build.0 = Debug|Any CPU
		{1A3BC029-39DB-4A02-B622-9BD11CA414E5}.Release|Any CPU.ActiveCfg = Release|Any CPU
		{1A3BC029-39DB-4A02-B622-9BD11CA414E5}.Release|Any CPU.Build.0 = Release|Any CPU
		{1A3BC029-39DB-4A02-B622-9BD11CA414E5}.Test|Any CPU.ActiveCfg = Test|Any CPU
		{1A3BC029-39DB-4A02-B622-9BD11CA414E5}.Test|Any CPU.Build.0 = Test|Any CPU
		{1A3BC029-39DB-4A02-B622-9BD11CA414E5}.Demo|Any CPU.ActiveCfg = Demo|Any CPU
		{1A3BC029-39DB-4A02-B622-9BD11CA414E5}.Demo|Any CPU.Build.0 = Demo|Any CPU
		{98CAC971-D461-4F5C-9012-30641DA7C647}.AutoTests|Any CPU.ActiveCfg = AutoTests|Any CPU
		{98CAC971-D461-4F5C-9012-30641DA7C647}.AutoTests|Any CPU.Build.0 = AutoTests|Any CPU
		{98CAC971-D461-4F5C-9012-30641DA7C647}.Debug|Any CPU.ActiveCfg = Debug|Any CPU
		{98CAC971-D461-4F5C-9012-30641DA7C647}.Debug|Any CPU.Build.0 = Debug|Any CPU
		{98CAC971-D461-4F5C-9012-30641DA7C647}.Release|Any CPU.ActiveCfg = Release|Any CPU
		{98CAC971-D461-4F5C-9012-30641DA7C647}.Release|Any CPU.Build.0 = Release|Any CPU
		{98CAC971-D461-4F5C-9012-30641DA7C647}.Test|Any CPU.ActiveCfg = Test|Any CPU
		{98CAC971-D461-4F5C-9012-30641DA7C647}.Test|Any CPU.Build.0 = Test|Any CPU
		{98CAC971-D461-4F5C-9012-30641DA7C647}.Demo|Any CPU.ActiveCfg = Demo|Any CPU
		{98CAC971-D461-4F5C-9012-30641DA7C647}.Demo|Any CPU.Build.0 = Demo|Any CPU
		{C528391E-7785-41C6-8BA1-36D658DBC197}.AutoTests|Any CPU.ActiveCfg = AutoTests|Any CPU
		{C528391E-7785-41C6-8BA1-36D658DBC197}.AutoTests|Any CPU.Build.0 = AutoTests|Any CPU
		{C528391E-7785-41C6-8BA1-36D658DBC197}.Debug|Any CPU.ActiveCfg = Debug|Any CPU
		{C528391E-7785-41C6-8BA1-36D658DBC197}.Debug|Any CPU.Build.0 = Debug|Any CPU
		{C528391E-7785-41C6-8BA1-36D658DBC197}.Release|Any CPU.ActiveCfg = Release|Any CPU
		{C528391E-7785-41C6-8BA1-36D658DBC197}.Release|Any CPU.Build.0 = Release|Any CPU
		{C528391E-7785-41C6-8BA1-36D658DBC197}.Test|Any CPU.ActiveCfg = Test|Any CPU
		{C528391E-7785-41C6-8BA1-36D658DBC197}.Test|Any CPU.Build.0 = Test|Any CPU
		{C528391E-7785-41C6-8BA1-36D658DBC197}.Demo|Any CPU.ActiveCfg = Demo|Any CPU
		{C528391E-7785-41C6-8BA1-36D658DBC197}.Demo|Any CPU.Build.0 = Demo|Any CPU
		{A895E403-2680-4741-972D-3BBFBE2E0065}.AutoTests|Any CPU.ActiveCfg = AutoTests|Any CPU
		{A895E403-2680-4741-972D-3BBFBE2E0065}.AutoTests|Any CPU.Build.0 = AutoTests|Any CPU
		{A895E403-2680-4741-972D-3BBFBE2E0065}.Debug|Any CPU.ActiveCfg = Debug|Any CPU
		{A895E403-2680-4741-972D-3BBFBE2E0065}.Debug|Any CPU.Build.0 = Debug|Any CPU
		{A895E403-2680-4741-972D-3BBFBE2E0065}.Release|Any CPU.ActiveCfg = Release|Any CPU
		{A895E403-2680-4741-972D-3BBFBE2E0065}.Release|Any CPU.Build.0 = Release|Any CPU
		{A895E403-2680-4741-972D-3BBFBE2E0065}.Test|Any CPU.ActiveCfg = Test|Any CPU
		{A895E403-2680-4741-972D-3BBFBE2E0065}.Test|Any CPU.Build.0 = Test|Any CPU
		{A895E403-2680-4741-972D-3BBFBE2E0065}.Demo|Any CPU.ActiveCfg = Demo|Any CPU
		{A895E403-2680-4741-972D-3BBFBE2E0065}.Demo|Any CPU.Build.0 = Demo|Any CPU
		{4D63CF16-36E8-4544-9121-7006D6660F73}.AutoTests|Any CPU.ActiveCfg = AutoTests|Any CPU
		{4D63CF16-36E8-4544-9121-7006D6660F73}.AutoTests|Any CPU.Build.0 = AutoTests|Any CPU
		{4D63CF16-36E8-4544-9121-7006D6660F73}.Debug|Any CPU.ActiveCfg = Debug|Any CPU
		{4D63CF16-36E8-4544-9121-7006D6660F73}.Debug|Any CPU.Build.0 = Debug|Any CPU
		{4D63CF16-36E8-4544-9121-7006D6660F73}.Release|Any CPU.ActiveCfg = Release|Any CPU
		{4D63CF16-36E8-4544-9121-7006D6660F73}.Release|Any CPU.Build.0 = Release|Any CPU
		{4D63CF16-36E8-4544-9121-7006D6660F73}.Test|Any CPU.ActiveCfg = Test|Any CPU
		{4D63CF16-36E8-4544-9121-7006D6660F73}.Test|Any CPU.Build.0 = Test|Any CPU
		{4D63CF16-36E8-4544-9121-7006D6660F73}.Demo|Any CPU.ActiveCfg = Demo|Any CPU
		{4D63CF16-36E8-4544-9121-7006D6660F73}.Demo|Any CPU.Build.0 = Demo|Any CPU
		{3CE1BF9A-F0EE-4B51-85A3-96374FC54F41}.AutoTests|Any CPU.ActiveCfg = AutoTests|Any CPU
		{3CE1BF9A-F0EE-4B51-85A3-96374FC54F41}.AutoTests|Any CPU.Build.0 = AutoTests|Any CPU
		{3CE1BF9A-F0EE-4B51-85A3-96374FC54F41}.Debug|Any CPU.ActiveCfg = Debug|Any CPU
		{3CE1BF9A-F0EE-4B51-85A3-96374FC54F41}.Debug|Any CPU.Build.0 = Debug|Any CPU
		{3CE1BF9A-F0EE-4B51-85A3-96374FC54F41}.Release|Any CPU.ActiveCfg = Release|Any CPU
		{3CE1BF9A-F0EE-4B51-85A3-96374FC54F41}.Release|Any CPU.Build.0 = Release|Any CPU
		{3CE1BF9A-F0EE-4B51-85A3-96374FC54F41}.Test|Any CPU.ActiveCfg = Test|Any CPU
		{3CE1BF9A-F0EE-4B51-85A3-96374FC54F41}.Test|Any CPU.Build.0 = Test|Any CPU
		{3CE1BF9A-F0EE-4B51-85A3-96374FC54F41}.Demo|Any CPU.ActiveCfg = Demo|Any CPU
		{3CE1BF9A-F0EE-4B51-85A3-96374FC54F41}.Demo|Any CPU.Build.0 = Demo|Any CPU
		{A47297C4-A12F-4A79-8786-9C9C2735956B}.AutoTests|Any CPU.ActiveCfg = AutoTests|Any CPU
		{A47297C4-A12F-4A79-8786-9C9C2735956B}.AutoTests|Any CPU.Build.0 = AutoTests|Any CPU
		{A47297C4-A12F-4A79-8786-9C9C2735956B}.Debug|Any CPU.ActiveCfg = Debug|Any CPU
		{A47297C4-A12F-4A79-8786-9C9C2735956B}.Debug|Any CPU.Build.0 = Debug|Any CPU
		{A47297C4-A12F-4A79-8786-9C9C2735956B}.Release|Any CPU.ActiveCfg = Release|Any CPU
		{A47297C4-A12F-4A79-8786-9C9C2735956B}.Release|Any CPU.Build.0 = Release|Any CPU
		{A47297C4-A12F-4A79-8786-9C9C2735956B}.Test|Any CPU.ActiveCfg = Test|Any CPU
		{A47297C4-A12F-4A79-8786-9C9C2735956B}.Test|Any CPU.Build.0 = Test|Any CPU
		{A47297C4-A12F-4A79-8786-9C9C2735956B}.Demo|Any CPU.ActiveCfg = Demo|Any CPU
		{A47297C4-A12F-4A79-8786-9C9C2735956B}.Demo|Any CPU.Build.0 = Demo|Any CPU
	EndGlobalSection
	GlobalSection(SolutionProperties) = preSolution
		HideSolutionNode = FALSE
	EndGlobalSection
	GlobalSection(NestedProjects) = preSolution
		{3BFBFD95-C25F-4D83-894E-1650B3991F95} = {FCE38B9C-F561-41D1-B3BD-E800273FB8B1}
		{23AC6CFE-3FB7-48F1-BB3C-E7AB8EAE1745} = {1AF783A0-0E9C-4493-AE0B-4BFE8E1E873A}
		{36311F90-5CE9-4960-8EE7-98E7D71A5E86} = {1AF783A0-0E9C-4493-AE0B-4BFE8E1E873A}
		{1A3BC029-39DB-4A02-B622-9BD11CA414E5} = {1AF783A0-0E9C-4493-AE0B-4BFE8E1E873A}
		{98CAC971-D461-4F5C-9012-30641DA7C647} = {1AF783A0-0E9C-4493-AE0B-4BFE8E1E873A}
		{C528391E-7785-41C6-8BA1-36D658DBC197} = {1AF783A0-0E9C-4493-AE0B-4BFE8E1E873A}
		{A895E403-2680-4741-972D-3BBFBE2E0065} = {1AF783A0-0E9C-4493-AE0B-4BFE8E1E873A}
		{4D63CF16-36E8-4544-9121-7006D6660F73} = {722D8946-06BA-44A3-A9B8-86D7C5225D0E}
		{3CE1BF9A-F0EE-4B51-85A3-96374FC54F41} = {1AF783A0-0E9C-4493-AE0B-4BFE8E1E873A}
		{A47297C4-A12F-4A79-8786-9C9C2735956B} = {FCE38B9C-F561-41D1-B3BD-E800273FB8B1}
	EndGlobalSection
	GlobalSection(ExtensibilityGlobals) = postSolution
		SolutionGuid = {61F7FB11-1E47-470C-91E2-47F8143E1572}
	EndGlobalSection
EndGlobal
